
Microsoft Visual Studio Solution File, Format Version 12.00
# Visual Studio Version 17
VisualStudioVersion = 17.4.33103.184
MinimumVisualStudioVersion = 10.0.40219.1
Project("{8BC9CEB8-8B4A-11D0-8D11-00A0C91BC942}") = "ENGINE", "ENGINE\ENGINE.vcxproj", "{E38A8D58-2C59-422A-9B4E-174D46F0F445}"
EndProject
Project("{2150E333-8FDC-42A3-9474-1A3956D46DE8}") = "EXAMPLE_GAMES", "EXAMPLE_GAMES", "{6B55A1D0-9FA8-411F-95B4-1D2B974E321A}"
EndProject
Project("{8BC9CEB8-8B4A-11D0-8D11-00A0C91BC942}") = "POWDER_GAME", "EXAMPLE_GAMES\POWDER_GAME\POWDER_GAME.vcxproj", "{A607B084-B0C4-475F-B065-F4D5E964D2BE}"
EndProject
Project("{8BC9CEB8-8B4A-11D0-8D11-00A0C91BC942}") = "SNAKE_GAME", "EXAMPLE_GAMES\SNAKE_GAME\SNAKE_GAME.vcxproj", "{1BC9EC7C-DE3D-4FCD-8D3E-CABA0D13FF98}"
EndProject
Global
	GlobalSection(SolutionConfigurationPlatforms) = preSolution
		Debug|x64 = Debug|x64
		Debug|x86 = Debug|x86
		Release|x64 = Release|x64
		Release|x86 = Release|x86
	EndGlobalSection
	GlobalSection(ProjectConfigurationPlatforms) = postSolution
		{E38A8D58-2C59-422A-9B4E-174D46F0F445}.Debug|x64.ActiveCfg = Debug|x64
		{E38A8D58-2C59-422A-9B4E-174D46F0F445}.Debug|x64.Build.0 = Debug|x64
		{E38A8D58-2C59-422A-9B4E-174D46F0F445}.Debug|x86.ActiveCfg = Debug|Win32
		{E38A8D58-2C59-422A-9B4E-174D46F0F445}.Debug|x86.Build.0 = Debug|Win32
		{E38A8D58-2C59-422A-9B4E-174D46F0F445}.Release|x64.ActiveCfg = Release|x64
		{E38A8D58-2C59-422A-9B4E-174D46F0F445}.Release|x64.Build.0 = Release|x64
		{E38A8D58-2C59-422A-9B4E-174D46F0F445}.Release|x86.ActiveCfg = Release|Win32
		{E38A8D58-2C59-422A-9B4E-174D46F0F445}.Release|x86.Build.0 = Release|Win32
		{A607B084-B0C4-475F-B065-F4D5E964D2BE}.Debug|x64.ActiveCfg = Debug|x64
		{A607B084-B0C4-475F-B065-F4D5E964D2BE}.Debug|x64.Build.0 = Debug|x64
		{A607B084-B0C4-475F-B065-F4D5E964D2BE}.Debug|x86.ActiveCfg = Debug|Win32
		{A607B084-B0C4-475F-B065-F4D5E964D2BE}.Debug|x86.Build.0 = Debug|Win32
		{A607B084-B0C4-475F-B065-F4D5E964D2BE}.Release|x64.ActiveCfg = Release|x64
		{A607B084-B0C4-475F-B065-F4D5E964D2BE}.Release|x64.Build.0 = Release|x64
		{A607B084-B0C4-475F-B065-F4D5E964D2BE}.Release|x86.ActiveCfg = Release|Win32
		{A607B084-B0C4-475F-B065-F4D5E964D2BE}.Release|x86.Build.0 = Release|Win32
		{1BC9EC7C-DE3D-4FCD-8D3E-CABA0D13FF98}.Debug|x64.ActiveCfg = Debug|x64
		{1BC9EC7C-DE3D-4FCD-8D3E-CABA0D13FF98}.Debug|x64.Build.0 = Debug|x64
		{1BC9EC7C-DE3D-4FCD-8D3E-CABA0D13FF98}.Debug|x86.ActiveCfg = Debug|Win32
		{1BC9EC7C-DE3D-4FCD-8D3E-CABA0D13FF98}.Debug|x86.Build.0 = Debug|Win32
		{1BC9EC7C-DE3D-4FCD-8D3E-CABA0D13FF98}.Release|x64.ActiveCfg = Release|x64
		{1BC9EC7C-DE3D-4FCD-8D3E-CABA0D13FF98}.Release|x64.Build.0 = Release|x64
		{1BC9EC7C-DE3D-4FCD-8D3E-CABA0D13FF98}.Release|x86.ActiveCfg = Release|Win32
		{1BC9EC7C-DE3D-4FCD-8D3E-CABA0D13FF98}.Release|x86.Build.0 = Release|Win32
	EndGlobalSection
	GlobalSection(SolutionProperties) = preSolution
		HideSolutionNode = FALSE
	EndGlobalSection
	GlobalSection(NestedProjects) = preSolution
		{A607B084-B0C4-475F-B065-F4D5E964D2BE} = {6B55A1D0-9FA8-411F-95B4-1D2B974E321A}
		{1BC9EC7C-DE3D-4FCD-8D3E-CABA0D13FF98} = {6B55A1D0-9FA8-411F-95B4-1D2B974E321A}
	EndGlobalSection
	GlobalSection(ExtensibilityGlobals) = postSolution
		SolutionGuid = {41471294-E7E4-4279-AA1D-7B24B0C692F1}
	EndGlobalSection
EndGlobal
